
Microsoft Visual Studio Solution File, Format Version 12.00
# Visual Studio Version 16
VisualStudioVersion = 16.0.32602.291
MinimumVisualStudioVersion = 10.0.40219.1
Project("{FAE04EC0-301F-11D3-BF4B-00C04F79EFBC}") = "Dot Net Project", "Dot Net Project\Dot Net Project.csproj", "{CB6B77D1-381B-4CDC-AEE9-491E3FD79681}"
EndProject
Global
	GlobalSection(SolutionConfigurationPlatforms) = preSolution
		Debug|Any CPU = Debug|Any CPU
		Release|Any CPU = Release|Any CPU
	EndGlobalSection
	GlobalSection(ProjectConfigurationPlatforms) = postSolution
		{CB6B77D1-381B-4CDC-AEE9-491E3FD79681}.Debug|Any CPU.ActiveCfg = Debug|Any CPU
		{CB6B77D1-381B-4CDC-AEE9-491E3FD79681}.Debug|Any CPU.Build.0 = Debug|Any CPU
		{CB6B77D1-381B-4CDC-AEE9-491E3FD79681}.Release|Any CPU.ActiveCfg = Release|Any CPU
		{CB6B77D1-381B-4CDC-AEE9-491E3FD79681}.Release|Any CPU.Build.0 = Release|Any CPU
	EndGlobalSection
	GlobalSection(SolutionProperties) = preSolution
		HideSolutionNode = FALSE
	EndGlobalSection
	GlobalSection(ExtensibilityGlobals) = postSolution
		SolutionGuid = {90C71DFF-5011-4B79-B6A7-89C7A34176C7}
	EndGlobalSection
EndGlobal
